
Microsoft Visual Studio Solution File, Format Version 12.00
# Visual Studio 2013
VisualStudioVersion = 12.0.40629.0
MinimumVisualStudioVersion = 10.0.40219.1
Project("{FAE04EC0-301F-11D3-BF4B-00C04F79EFBC}") = "MailBot.Client", "Client\MailBot.Client.csproj", "{F2D3A9AE-9B3F-4EB7-88BA-CCBD036CE935}"
	ProjectSection(ProjectDependencies) = postProject
		{9C9F11AF-CEC4-4B55-8697-9B5175221513} = {9C9F11AF-CEC4-4B55-8697-9B5175221513}
	EndProjectSection
EndProject
Project("{FAE04EC0-301F-11D3-BF4B-00C04F79EFBC}") = "MailFetchingTool", "MailFetchingTool\MailFetchingTool.csproj", "{31DD9962-5820-486B-B3CE-D6097F33E8E2}"
	ProjectSection(ProjectDependencies) = postProject
		{9C9F11AF-CEC4-4B55-8697-9B5175221513} = {9C9F11AF-CEC4-4B55-8697-9B5175221513}
	EndProjectSection
EndProject
Project("{FAE04EC0-301F-11D3-BF4B-00C04F79EFBC}") = "MailBot.Service", "BotWcfServiceIIS\BotWcfServiceIIS\MailBot.Service.csproj", "{9C9F11AF-CEC4-4B55-8697-9B5175221513}"
	ProjectSection(ProjectDependencies) = postProject
		{EBB45CF2-9929-4C09-B9D0-2E3C871A6413} = {EBB45CF2-9929-4C09-B9D0-2E3C871A6413}
	EndProjectSection
EndProject
Project("{FAE04EC0-301F-11D3-BF4B-00C04F79EFBC}") = "MailBot.DataAccessLayer", "MailBotDAL\MailBot.DataAccessLayer.csproj", "{EBB45CF2-9929-4C09-B9D0-2E3C871A6413}"
EndProject
Project("{2150E333-8FDC-42A3-9474-1A3956D46DE8}") = ".nuget", ".nuget", "{E7093B53-E335-4952-8D63-5599B99A201B}"
	ProjectSection(SolutionItems) = preProject
		.nuget\NuGet.config = .nuget\NuGet.config
		.nuget\NuGet.exe = .nuget\NuGet.exe
		.nuget\NuGet.targets = .nuget\NuGet.targets
	EndProjectSection
EndProject
Project("{FAE04EC0-301F-11D3-BF4B-00C04F79EFBC}") = "DALTests", "DALTests\DALTests.csproj", "{47DBC5FD-2611-40A2-A077-6B631ED9BA6E}"
	ProjectSection(ProjectDependencies) = postProject
		{EBB45CF2-9929-4C09-B9D0-2E3C871A6413} = {EBB45CF2-9929-4C09-B9D0-2E3C871A6413}
	EndProjectSection
EndProject
Project("{FAE04EC0-301F-11D3-BF4B-00C04F79EFBC}") = "MailBot.SearchIndexing", "MailFindLibrary\MailBot.SearchIndexing.csproj", "{C4B65718-079D-4FDC-B985-21A68F5E8D82}"
EndProject
Project("{FAE04EC0-301F-11D3-BF4B-00C04F79EFBC}") = "BotWcfServiceIISTests", "BotWcfServiceIISTest\BotWcfServiceIISTests.csproj", "{6C5819A7-851C-4865-82D4-78D184D28B88}"
	ProjectSection(ProjectDependencies) = postProject
		{9C9F11AF-CEC4-4B55-8697-9B5175221513} = {9C9F11AF-CEC4-4B55-8697-9B5175221513}
	EndProjectSection
EndProject
Project("{2150E333-8FDC-42A3-9474-1A3956D46DE8}") = "2. Service", "2. Service", "{2B07D0B4-272C-4047-A9B5-80F243F4B42B}"
EndProject
Project("{2150E333-8FDC-42A3-9474-1A3956D46DE8}") = "1. Presentation Layer", "1. Presentation Layer", "{70820FA1-F0AD-4844-9819-24D7AF4D964D}"
EndProject
Project("{2150E333-8FDC-42A3-9474-1A3956D46DE8}") = "4. Data Access Layer", "4. Data Access Layer", "{B0F5C27C-0D58-4EEC-8A98-B145E868860E}"
EndProject
Project("{2150E333-8FDC-42A3-9474-1A3956D46DE8}") = "zzzz_Deprecated", "zzzz_Deprecated", "{C2F8BE14-B1FE-4353-B63F-70FC9B107FD2}"
EndProject
Project("{FAE04EC0-301F-11D3-BF4B-00C04F79EFBC}") = "MailBot.ServiceConfigurator", "ServiceConfigurator\MailBot.ServiceConfigurator.csproj", "{ED16EA60-4B33-4305-BBBF-4C7DC869135B}"
EndProject
Project("{2150E333-8FDC-42A3-9474-1A3956D46DE8}") = "Shared", "Shared", "{65E3FA86-CA54-4EC9-85B1-D2B24374712F}"
EndProject
Project("{FAE04EC0-301F-11D3-BF4B-00C04F79EFBC}") = "MailBot.Security", "MailBotSecurity\MailBot.Security.csproj", "{2D2CA40C-E3B2-46DD-B6B7-F0311466E2F4}"
EndProject
Project("{FAE04EC0-301F-11D3-BF4B-00C04F79EFBC}") = "MailBot.RegistryIntegrator", "MailBot.RegistryIntegrator\MailBot.RegistryIntegrator.csproj", "{C6D20721-E3DA-4D26-AB70-AE964487C8DC}"
EndProject
Project("{2150E333-8FDC-42A3-9474-1A3956D46DE8}") = "Tests", "Tests", "{AB0D6950-DA34-4F5B-B018-D65AAAA9F193}"
EndProject
Global
	GlobalSection(SolutionConfigurationPlatforms) = preSolution
		Debug|Any CPU = Debug|Any CPU
		Debug|x64 = Debug|x64
		Debug|x86 = Debug|x86
		Release|Any CPU = Release|Any CPU
		Release|x64 = Release|x64
		Release|x86 = Release|x86
	EndGlobalSection
	GlobalSection(ProjectConfigurationPlatforms) = postSolution
		{F2D3A9AE-9B3F-4EB7-88BA-CCBD036CE935}.Debug|Any CPU.ActiveCfg = Debug|Any CPU
		{F2D3A9AE-9B3F-4EB7-88BA-CCBD036CE935}.Debug|Any CPU.Build.0 = Debug|Any CPU
		{F2D3A9AE-9B3F-4EB7-88BA-CCBD036CE935}.Debug|x64.ActiveCfg = Debug|Any CPU
		{F2D3A9AE-9B3F-4EB7-88BA-CCBD036CE935}.Debug|x86.ActiveCfg = Debug|Any CPU
		{F2D3A9AE-9B3F-4EB7-88BA-CCBD036CE935}.Release|Any CPU.ActiveCfg = Release|Any CPU
		{F2D3A9AE-9B3F-4EB7-88BA-CCBD036CE935}.Release|Any CPU.Build.0 = Release|Any CPU
		{F2D3A9AE-9B3F-4EB7-88BA-CCBD036CE935}.Release|x64.ActiveCfg = Release|Any CPU
		{F2D3A9AE-9B3F-4EB7-88BA-CCBD036CE935}.Release|x86.ActiveCfg = Release|Any CPU
		{31DD9962-5820-486B-B3CE-D6097F33E8E2}.Debug|Any CPU.ActiveCfg = Debug|Any CPU
		{31DD9962-5820-486B-B3CE-D6097F33E8E2}.Debug|Any CPU.Build.0 = Debug|Any CPU
		{31DD9962-5820-486B-B3CE-D6097F33E8E2}.Debug|x64.ActiveCfg = Debug|Any CPU
		{31DD9962-5820-486B-B3CE-D6097F33E8E2}.Debug|x86.ActiveCfg = Debug|Any CPU
		{31DD9962-5820-486B-B3CE-D6097F33E8E2}.Release|Any CPU.ActiveCfg = Release|Any CPU
		{31DD9962-5820-486B-B3CE-D6097F33E8E2}.Release|Any CPU.Build.0 = Release|Any CPU
		{31DD9962-5820-486B-B3CE-D6097F33E8E2}.Release|x64.ActiveCfg = Release|Any CPU
		{31DD9962-5820-486B-B3CE-D6097F33E8E2}.Release|x86.ActiveCfg = Release|Any CPU
		{9C9F11AF-CEC4-4B55-8697-9B5175221513}.Debug|Any CPU.ActiveCfg = Debug|Any CPU
		{9C9F11AF-CEC4-4B55-8697-9B5175221513}.Debug|Any CPU.Build.0 = Debug|Any CPU
		{9C9F11AF-CEC4-4B55-8697-9B5175221513}.Debug|x64.ActiveCfg = Debug|Any CPU
		{9C9F11AF-CEC4-4B55-8697-9B5175221513}.Debug|x86.ActiveCfg = Debug|Any CPU
		{9C9F11AF-CEC4-4B55-8697-9B5175221513}.Release|Any CPU.ActiveCfg = Release|Any CPU
		{9C9F11AF-CEC4-4B55-8697-9B5175221513}.Release|Any CPU.Build.0 = Release|Any CPU
		{9C9F11AF-CEC4-4B55-8697-9B5175221513}.Release|x64.ActiveCfg = Release|Any CPU
		{9C9F11AF-CEC4-4B55-8697-9B5175221513}.Release|x86.ActiveCfg = Release|Any CPU
		{EBB45CF2-9929-4C09-B9D0-2E3C871A6413}.Debug|Any CPU.ActiveCfg = Debug|Any CPU
		{EBB45CF2-9929-4C09-B9D0-2E3C871A6413}.Debug|Any CPU.Build.0 = Debug|Any CPU
		{EBB45CF2-9929-4C09-B9D0-2E3C871A6413}.Debug|x64.ActiveCfg = Debug|Any CPU
		{EBB45CF2-9929-4C09-B9D0-2E3C871A6413}.Debug|x86.ActiveCfg = Debug|Any CPU
		{EBB45CF2-9929-4C09-B9D0-2E3C871A6413}.Release|Any CPU.ActiveCfg = Release|Any CPU
		{EBB45CF2-9929-4C09-B9D0-2E3C871A6413}.Release|Any CPU.Build.0 = Release|Any CPU
		{EBB45CF2-9929-4C09-B9D0-2E3C871A6413}.Release|x64.ActiveCfg = Release|Any CPU
		{EBB45CF2-9929-4C09-B9D0-2E3C871A6413}.Release|x86.ActiveCfg = Release|Any CPU
		{47DBC5FD-2611-40A2-A077-6B631ED9BA6E}.Debug|Any CPU.ActiveCfg = Debug|Any CPU
		{47DBC5FD-2611-40A2-A077-6B631ED9BA6E}.Debug|x64.ActiveCfg = Debug|x86
		{47DBC5FD-2611-40A2-A077-6B631ED9BA6E}.Debug|x64.Build.0 = Debug|x86
		{47DBC5FD-2611-40A2-A077-6B631ED9BA6E}.Debug|x86.ActiveCfg = Debug|x86
		{47DBC5FD-2611-40A2-A077-6B631ED9BA6E}.Debug|x86.Build.0 = Debug|x86
		{47DBC5FD-2611-40A2-A077-6B631ED9BA6E}.Release|Any CPU.ActiveCfg = Release|Any CPU
		{47DBC5FD-2611-40A2-A077-6B631ED9BA6E}.Release|Any CPU.Build.0 = Release|Any CPU
		{47DBC5FD-2611-40A2-A077-6B631ED9BA6E}.Release|x64.ActiveCfg = Release|x64
		{47DBC5FD-2611-40A2-A077-6B631ED9BA6E}.Release|x64.Build.0 = Release|x64
		{47DBC5FD-2611-40A2-A077-6B631ED9BA6E}.Release|x86.ActiveCfg = Release|x86
		{47DBC5FD-2611-40A2-A077-6B631ED9BA6E}.Release|x86.Build.0 = Release|x86
		{C4B65718-079D-4FDC-B985-21A68F5E8D82}.Debug|Any CPU.ActiveCfg = Debug|Any CPU
		{C4B65718-079D-4FDC-B985-21A68F5E8D82}.Debug|Any CPU.Build.0 = Debug|Any CPU
		{C4B65718-079D-4FDC-B985-21A68F5E8D82}.Debug|x64.ActiveCfg = Debug|Any CPU
		{C4B65718-079D-4FDC-B985-21A68F5E8D82}.Debug|x86.ActiveCfg = Debug|Any CPU
		{C4B65718-079D-4FDC-B985-21A68F5E8D82}.Release|Any CPU.ActiveCfg = Release|Any CPU
		{C4B65718-079D-4FDC-B985-21A68F5E8D82}.Release|Any CPU.Build.0 = Release|Any CPU
		{C4B65718-079D-4FDC-B985-21A68F5E8D82}.Release|x64.ActiveCfg = Release|Any CPU
		{C4B65718-079D-4FDC-B985-21A68F5E8D82}.Release|x86.ActiveCfg = Release|Any CPU
		{6C5819A7-851C-4865-82D4-78D184D28B88}.Debug|Any CPU.ActiveCfg = Debug|Any CPU
		{6C5819A7-851C-4865-82D4-78D184D28B88}.Debug|x64.ActiveCfg = Debug|Any CPU
		{6C5819A7-851C-4865-82D4-78D184D28B88}.Debug|x64.Build.0 = Debug|Any CPU
		{6C5819A7-851C-4865-82D4-78D184D28B88}.Debug|x86.ActiveCfg = Debug|Any CPU
		{6C5819A7-851C-4865-82D4-78D184D28B88}.Debug|x86.Build.0 = Debug|Any CPU
		{6C5819A7-851C-4865-82D4-78D184D28B88}.Release|Any CPU.ActiveCfg = Release|Any CPU
		{6C5819A7-851C-4865-82D4-78D184D28B88}.Release|Any CPU.Build.0 = Release|Any CPU
		{6C5819A7-851C-4865-82D4-78D184D28B88}.Release|x64.ActiveCfg = Release|Any CPU
		{6C5819A7-851C-4865-82D4-78D184D28B88}.Release|x64.Build.0 = Release|Any CPU
		{6C5819A7-851C-4865-82D4-78D184D28B88}.Release|x86.ActiveCfg = Release|Any CPU
		{6C5819A7-851C-4865-82D4-78D184D28B88}.Release|x86.Build.0 = Release|Any CPU
		{ED16EA60-4B33-4305-BBBF-4C7DC869135B}.Debug|Any CPU.ActiveCfg = Debug|Any CPU
		{ED16EA60-4B33-4305-BBBF-4C7DC869135B}.Debug|Any CPU.Build.0 = Debug|Any CPU
		{ED16EA60-4B33-4305-BBBF-4C7DC869135B}.Debug|x64.ActiveCfg = Debug|Any CPU
		{ED16EA60-4B33-4305-BBBF-4C7DC869135B}.Debug|x86.ActiveCfg = Debug|Any CPU
		{ED16EA60-4B33-4305-BBBF-4C7DC869135B}.Release|Any CPU.ActiveCfg = Release|Any CPU
		{ED16EA60-4B33-4305-BBBF-4C7DC869135B}.Release|Any CPU.Build.0 = Release|Any CPU
		{ED16EA60-4B33-4305-BBBF-4C7DC869135B}.Release|x64.ActiveCfg = Release|Any CPU
		{ED16EA60-4B33-4305-BBBF-4C7DC869135B}.Release|x86.ActiveCfg = Release|Any CPU
		{2D2CA40C-E3B2-46DD-B6B7-F0311466E2F4}.Debug|Any CPU.ActiveCfg = Debug|Any CPU
		{2D2CA40C-E3B2-46DD-B6B7-F0311466E2F4}.Debug|Any CPU.Build.0 = Debug|Any CPU
		{2D2CA40C-E3B2-46DD-B6B7-F0311466E2F4}.Debug|x64.ActiveCfg = Debug|Any CPU
		{2D2CA40C-E3B2-46DD-B6B7-F0311466E2F4}.Debug|x86.ActiveCfg = Debug|Any CPU
		{2D2CA40C-E3B2-46DD-B6B7-F0311466E2F4}.Release|Any CPU.ActiveCfg = Release|Any CPU
		{2D2CA40C-E3B2-46DD-B6B7-F0311466E2F4}.Release|Any CPU.Build.0 = Release|Any CPU
		{2D2CA40C-E3B2-46DD-B6B7-F0311466E2F4}.Release|x64.ActiveCfg = Release|Any CPU
		{2D2CA40C-E3B2-46DD-B6B7-F0311466E2F4}.Release|x86.ActiveCfg = Release|Any CPU
		{C6D20721-E3DA-4D26-AB70-AE964487C8DC}.Debug|Any CPU.ActiveCfg = Debug|Any CPU
		{C6D20721-E3DA-4D26-AB70-AE964487C8DC}.Debug|Any CPU.Build.0 = Debug|Any CPU
		{C6D20721-E3DA-4D26-AB70-AE964487C8DC}.Debug|x64.ActiveCfg = Debug|Any CPU
		{C6D20721-E3DA-4D26-AB70-AE964487C8DC}.Debug|x86.ActiveCfg = Debug|Any CPU
		{C6D20721-E3DA-4D26-AB70-AE964487C8DC}.Release|Any CPU.ActiveCfg = Release|Any CPU
		{C6D20721-E3DA-4D26-AB70-AE964487C8DC}.Release|Any CPU.Build.0 = Release|Any CPU
		{C6D20721-E3DA-4D26-AB70-AE964487C8DC}.Release|x64.ActiveCfg = Release|Any CPU
		{C6D20721-E3DA-4D26-AB70-AE964487C8DC}.Release|x86.ActiveCfg = Release|Any CPU
	EndGlobalSection
	GlobalSection(SolutionProperties) = preSolution
		HideSolutionNode = FALSE
	EndGlobalSection
	GlobalSection(NestedProjects) = preSolution
		{F2D3A9AE-9B3F-4EB7-88BA-CCBD036CE935} = {70820FA1-F0AD-4844-9819-24D7AF4D964D}
		{31DD9962-5820-486B-B3CE-D6097F33E8E2} = {C2F8BE14-B1FE-4353-B63F-70FC9B107FD2}
		{9C9F11AF-CEC4-4B55-8697-9B5175221513} = {2B07D0B4-272C-4047-A9B5-80F243F4B42B}
		{EBB45CF2-9929-4C09-B9D0-2E3C871A6413} = {B0F5C27C-0D58-4EEC-8A98-B145E868860E}
		{47DBC5FD-2611-40A2-A077-6B631ED9BA6E} = {AB0D6950-DA34-4F5B-B018-D65AAAA9F193}
		{C4B65718-079D-4FDC-B985-21A68F5E8D82} = {B0F5C27C-0D58-4EEC-8A98-B145E868860E}
		{6C5819A7-851C-4865-82D4-78D184D28B88} = {AB0D6950-DA34-4F5B-B018-D65AAAA9F193}
		{ED16EA60-4B33-4305-BBBF-4C7DC869135B} = {2B07D0B4-272C-4047-A9B5-80F243F4B42B}
		{2D2CA40C-E3B2-46DD-B6B7-F0311466E2F4} = {65E3FA86-CA54-4EC9-85B1-D2B24374712F}
		{C6D20721-E3DA-4D26-AB70-AE964487C8DC} = {65E3FA86-CA54-4EC9-85B1-D2B24374712F}
	EndGlobalSection
EndGlobal
